// !$*UTF8*$!
{
	archiveVersion = 1;
	classes = {
	};
	objectVersion = 46;
	objects = {

/* Begin PBXBuildFile section */
		0A9D6F7A19C559A600BA47F0 /* Foundation.framework in Frameworks */ = {isa = PBXBuildFile; fileRef = 0A9D6F7919C559A600BA47F0 /* Foundation.framework */; };
		0A9D6F7C19C559A600BA47F0 /* CoreGraphics.framework in Frameworks */ = {isa = PBXBuildFile; fileRef = 0A9D6F7B19C559A600BA47F0 /* CoreGraphics.framework */; };
		0A9D6F7E19C559A600BA47F0 /* UIKit.framework in Frameworks */ = {isa = PBXBuildFile; fileRef = 0A9D6F7D19C559A600BA47F0 /* UIKit.framework */; };
		0A9D6F8419C559A600BA47F0 /* InfoPlist.strings in Resources */ = {isa = PBXBuildFile; fileRef = 0A9D6F8219C559A600BA47F0 /* InfoPlist.strings */; };
		0A9D6F8619C559A600BA47F0 /* main.m in Sources */ = {isa = PBXBuildFile; fileRef = 0A9D6F8519C559A600BA47F0 /* main.m */; };
		0A9D6F8A19C559A600BA47F0 /* VIBAppDelegate.m in Sources */ = {isa = PBXBuildFile; fileRef = 0A9D6F8919C559A600BA47F0 /* VIBAppDelegate.m */; };
		0A9D6F8D19C559A700BA47F0 /* Main.storyboard in Resources */ = {isa = PBXBuildFile; fileRef = 0A9D6F8B19C559A700BA47F0 /* Main.storyboard */; };
		0A9D6F9019C559A700BA47F0 /* VIBViewController.m in Sources */ = {isa = PBXBuildFile; fileRef = 0A9D6F8F19C559A700BA47F0 /* VIBViewController.m */; };
		0A9D6F9219C559A700BA47F0 /* Images.xcassets in Resources */ = {isa = PBXBuildFile; fileRef = 0A9D6F9119C559A700BA47F0 /* Images.xcassets */; };
		0A9D6F9919C559A700BA47F0 /* XCTest.framework in Frameworks */ = {isa = PBXBuildFile; fileRef = 0A9D6F9819C559A700BA47F0 /* XCTest.framework */; };
		0A9D6F9A19C559A700BA47F0 /* Foundation.framework in Frameworks */ = {isa = PBXBuildFile; fileRef = 0A9D6F7919C559A600BA47F0 /* Foundation.framework */; };
		0A9D6F9B19C559A700BA47F0 /* UIKit.framework in Frameworks */ = {isa = PBXBuildFile; fileRef = 0A9D6F7D19C559A600BA47F0 /* UIKit.framework */; };
		0A9D6FA319C559A700BA47F0 /* InfoPlist.strings in Resources */ = {isa = PBXBuildFile; fileRef = 0A9D6FA119C559A700BA47F0 /* InfoPlist.strings */; };
		0A9D6FA519C559A700BA47F0 /* VibeTests.m in Sources */ = {isa = PBXBuildFile; fileRef = 0A9D6FA419C559A700BA47F0 /* VibeTests.m */; };
/* End PBXBuildFile section */

/* Begin PBXContainerItemProxy section */
		0A9D6F9C19C559A700BA47F0 /* PBXContainerItemProxy */ = {
			isa = PBXContainerItemProxy;
			containerPortal = 0A9D6F6E19C559A600BA47F0 /* Project object */;
			proxyType = 1;
			remoteGlobalIDString = 0A9D6F7519C559A600BA47F0;
			remoteInfo = Vibe;
		};
/* End PBXContainerItemProxy section */

/* Begin PBXFileReference section */
		0A9D6F7619C559A600BA47F0 /* Vibe.app */ = {isa = PBXFileReference; explicitFileType = wrapper.application; includeInIndex = 0; path = Vibe.app; sourceTree = BUILT_PRODUCTS_DIR; };
		0A9D6F7919C559A600BA47F0 /* Foundation.framework */ = {isa = PBXFileReference; lastKnownFileType = wrapper.framework; name = Foundation.framework; path = System/Library/Frameworks/Foundation.framework; sourceTree = SDKROOT; };
		0A9D6F7B19C559A600BA47F0 /* CoreGraphics.framework */ = {isa = PBXFileReference; lastKnownFileType = wrapper.framework; name = CoreGraphics.framework; path = System/Library/Frameworks/CoreGraphics.framework; sourceTree = SDKROOT; };
		0A9D6F7D19C559A600BA47F0 /* UIKit.framework */ = {isa = PBXFileReference; lastKnownFileType = wrapper.framework; name = UIKit.framework; path = System/Library/Frameworks/UIKit.framework; sourceTree = SDKROOT; };
		0A9D6F8119C559A600BA47F0 /* Vibe-Info.plist */ = {isa = PBXFileReference; lastKnownFileType = text.plist.xml; path = "Vibe-Info.plist"; sourceTree = "<group>"; };
		0A9D6F8319C559A600BA47F0 /* en */ = {isa = PBXFileReference; lastKnownFileType = text.plist.strings; name = en; path = en.lproj/InfoPlist.strings; sourceTree = "<group>"; };
		0A9D6F8519C559A600BA47F0 /* main.m */ = {isa = PBXFileReference; lastKnownFileType = sourcecode.c.objc; path = main.m; sourceTree = "<group>"; };
		0A9D6F8719C559A600BA47F0 /* Vibe-Prefix.pch */ = {isa = PBXFileReference; lastKnownFileType = sourcecode.c.h; path = "Vibe-Prefix.pch"; sourceTree = "<group>"; };
		0A9D6F8819C559A600BA47F0 /* VIBAppDelegate.h */ = {isa = PBXFileReference; lastKnownFileType = sourcecode.c.h; path = VIBAppDelegate.h; sourceTree = "<group>"; };
		0A9D6F8919C559A600BA47F0 /* VIBAppDelegate.m */ = {isa = PBXFileReference; lastKnownFileType = sourcecode.c.objc; path = VIBAppDelegate.m; sourceTree = "<group>"; };
		0A9D6F8C19C559A700BA47F0 /* Base */ = {isa = PBXFileReference; lastKnownFileType = file.storyboard; name = Base; path = Base.lproj/Main.storyboard; sourceTree = "<group>"; };
		0A9D6F8E19C559A700BA47F0 /* VIBViewController.h */ = {isa = PBXFileReference; lastKnownFileType = sourcecode.c.h; path = VIBViewController.h; sourceTree = "<group>"; };
		0A9D6F8F19C559A700BA47F0 /* VIBViewController.m */ = {isa = PBXFileReference; lastKnownFileType = sourcecode.c.objc; path = VIBViewController.m; sourceTree = "<group>"; };
		0A9D6F9119C559A700BA47F0 /* Images.xcassets */ = {isa = PBXFileReference; lastKnownFileType = folder.assetcatalog; path = Images.xcassets; sourceTree = "<group>"; };
		0A9D6F9719C559A700BA47F0 /* VibeTests.xctest */ = {isa = PBXFileReference; explicitFileType = wrapper.cfbundle; includeInIndex = 0; path = VibeTests.xctest; sourceTree = BUILT_PRODUCTS_DIR; };
		0A9D6F9819C559A700BA47F0 /* XCTest.framework */ = {isa = PBXFileReference; lastKnownFileType = wrapper.framework; name = XCTest.framework; path = Library/Frameworks/XCTest.framework; sourceTree = DEVELOPER_DIR; };
		0A9D6FA019C559A700BA47F0 /* VibeTests-Info.plist */ = {isa = PBXFileReference; lastKnownFileType = text.plist.xml; path = "VibeTests-Info.plist"; sourceTree = "<group>"; };
		0A9D6FA219C559A700BA47F0 /* en */ = {isa = PBXFileReference; lastKnownFileType = text.plist.strings; name = en; path = en.lproj/InfoPlist.strings; sourceTree = "<group>"; };
		0A9D6FA419C559A700BA47F0 /* VibeTests.m */ = {isa = PBXFileReference; lastKnownFileType = sourcecode.c.objc; path = VibeTests.m; sourceTree = "<group>"; };
/* End PBXFileReference section */

/* Begin PBXFrameworksBuildPhase section */
		0A9D6F7319C559A600BA47F0 /* Frameworks */ = {
			isa = PBXFrameworksBuildPhase;
			buildActionMask = 2147483647;
			files = (
				0A9D6F7C19C559A600BA47F0 /* CoreGraphics.framework in Frameworks */,
				0A9D6F7E19C559A600BA47F0 /* UIKit.framework in Frameworks */,
				0A9D6F7A19C559A600BA47F0 /* Foundation.framework in Frameworks */,
			);
			runOnlyForDeploymentPostprocessing = 0;
		};
		0A9D6F9419C559A700BA47F0 /* Frameworks */ = {
			isa = PBXFrameworksBuildPhase;
			buildActionMask = 2147483647;
			files = (
				0A9D6F9919C559A700BA47F0 /* XCTest.framework in Frameworks */,
				0A9D6F9B19C559A700BA47F0 /* UIKit.framework in Frameworks */,
				0A9D6F9A19C559A700BA47F0 /* Foundation.framework in Frameworks */,
			);
			runOnlyForDeploymentPostprocessing = 0;
		};
/* End PBXFrameworksBuildPhase section */

/* Begin PBXGroup section */
		0A9D6F6D19C559A600BA47F0 = {
			isa = PBXGroup;
			children = (
				0A9D6F7F19C559A600BA47F0 /* Vibe */,
				0A9D6F9E19C559A700BA47F0 /* VibeTests */,
				0A9D6F7819C559A600BA47F0 /* Frameworks */,
				0A9D6F7719C559A600BA47F0 /* Products */,
			);
			sourceTree = "<group>";
		};
		0A9D6F7719C559A600BA47F0 /* Products */ = {
			isa = PBXGroup;
			children = (
				0A9D6F7619C559A600BA47F0 /* Vibe.app */,
				0A9D6F9719C559A700BA47F0 /* VibeTests.xctest */,
			);
			name = Products;
			sourceTree = "<group>";
		};
		0A9D6F7819C559A600BA47F0 /* Frameworks */ = {
			isa = PBXGroup;
			children = (
				0A9D6F7919C559A600BA47F0 /* Foundation.framework */,
				0A9D6F7B19C559A600BA47F0 /* CoreGraphics.framework */,
				0A9D6F7D19C559A600BA47F0 /* UIKit.framework */,
				0A9D6F9819C559A700BA47F0 /* XCTest.framework */,
			);
			name = Frameworks;
			sourceTree = "<group>";
		};
		0A9D6F7F19C559A600BA47F0 /* Vibe */ = {
			isa = PBXGroup;
			children = (
				0A9D6F8819C559A600BA47F0 /* VIBAppDelegate.h */,
				0A9D6F8919C559A600BA47F0 /* VIBAppDelegate.m */,
				0A9D6F8B19C559A700BA47F0 /* Main.storyboard */,
				0A9D6F8E19C559A700BA47F0 /* VIBViewController.h */,
				0A9D6F8F19C559A700BA47F0 /* VIBViewController.m */,
				0A9D6F9119C559A700BA47F0 /* Images.xcassets */,
				0A9D6F8019C559A600BA47F0 /* Supporting Files */,
			);
			path = Vibe;
			sourceTree = "<group>";
		};
		0A9D6F8019C559A600BA47F0 /* Supporting Files */ = {
			isa = PBXGroup;
			children = (
				0A9D6F8119C559A600BA47F0 /* Vibe-Info.plist */,
				0A9D6F8219C559A600BA47F0 /* InfoPlist.strings */,
				0A9D6F8519C559A600BA47F0 /* main.m */,
				0A9D6F8719C559A600BA47F0 /* Vibe-Prefix.pch */,
			);
			name = "Supporting Files";
			sourceTree = "<group>";
		};
		0A9D6F9E19C559A700BA47F0 /* VibeTests */ = {
			isa = PBXGroup;
			children = (
				0A9D6FA419C559A700BA47F0 /* VibeTests.m */,
				0A9D6F9F19C559A700BA47F0 /* Supporting Files */,
			);
			path = VibeTests;
			sourceTree = "<group>";
		};
		0A9D6F9F19C559A700BA47F0 /* Supporting Files */ = {
			isa = PBXGroup;
			children = (
				0A9D6FA019C559A700BA47F0 /* VibeTests-Info.plist */,
				0A9D6FA119C559A700BA47F0 /* InfoPlist.strings */,
			);
			name = "Supporting Files";
			sourceTree = "<group>";
		};
/* End PBXGroup section */

/* Begin PBXNativeTarget section */
		0A9D6F7519C559A600BA47F0 /* Vibe */ = {
			isa = PBXNativeTarget;
			buildConfigurationList = 0A9D6FA819C559A700BA47F0 /* Build configuration list for PBXNativeTarget "Vibe" */;
			buildPhases = (
				0A9D6F7219C559A600BA47F0 /* Sources */,
				0A9D6F7319C559A600BA47F0 /* Frameworks */,
				0A9D6F7419C559A600BA47F0 /* Resources */,
			);
			buildRules = (
			);
			dependencies = (
			);
			name = Vibe;
			productName = Vibe;
			productReference = 0A9D6F7619C559A600BA47F0 /* Vibe.app */;
			productType = "com.apple.product-type.application";
		};
		0A9D6F9619C559A700BA47F0 /* VibeTests */ = {
			isa = PBXNativeTarget;
			buildConfigurationList = 0A9D6FAB19C559A700BA47F0 /* Build configuration list for PBXNativeTarget "VibeTests" */;
			buildPhases = (
				0A9D6F9319C559A700BA47F0 /* Sources */,
				0A9D6F9419C559A700BA47F0 /* Frameworks */,
				0A9D6F9519C559A700BA47F0 /* Resources */,
			);
			buildRules = (
			);
			dependencies = (
				0A9D6F9D19C559A700BA47F0 /* PBXTargetDependency */,
			);
			name = VibeTests;
			productName = VibeTests;
			productReference = 0A9D6F9719C559A700BA47F0 /* VibeTests.xctest */;
			productType = "com.apple.product-type.bundle.unit-test";
		};
/* End PBXNativeTarget section */

/* Begin PBXProject section */
		0A9D6F6E19C559A600BA47F0 /* Project object */ = {
			isa = PBXProject;
			attributes = {
				CLASSPREFIX = VIB;
				LastUpgradeCheck = 0510;
				ORGANIZATIONNAME = "Kevin Nguy";
				TargetAttributes = {
					0A9D6F9619C559A700BA47F0 = {
						TestTargetID = 0A9D6F7519C559A600BA47F0;
					};
				};
			};
			buildConfigurationList = 0A9D6F7119C559A600BA47F0 /* Build configuration list for PBXProject "Vibe" */;
			compatibilityVersion = "Xcode 3.2";
			developmentRegion = English;
			hasScannedForEncodings = 0;
			knownRegions = (
				en,
				Base,
			);
			mainGroup = 0A9D6F6D19C559A600BA47F0;
			productRefGroup = 0A9D6F7719C559A600BA47F0 /* Products */;
			projectDirPath = "";
			projectRoot = "";
			targets = (
				0A9D6F7519C559A600BA47F0 /* Vibe */,
				0A9D6F9619C559A700BA47F0 /* VibeTests */,
			);
		};
/* End PBXProject section */

/* Begin PBXResourcesBuildPhase section */
		0A9D6F7419C559A600BA47F0 /* Resources */ = {
			isa = PBXResourcesBuildPhase;
			buildActionMask = 2147483647;
			files = (
				0A9D6F9219C559A700BA47F0 /* Images.xcassets in Resources */,
				0A9D6F8419C559A600BA47F0 /* InfoPlist.strings in Resources */,
				0A9D6F8D19C559A700BA47F0 /* Main.storyboard in Resources */,
			);
			runOnlyForDeploymentPostprocessing = 0;
		};
		0A9D6F9519C559A700BA47F0 /* Resources */ = {
			isa = PBXResourcesBuildPhase;
			buildActionMask = 2147483647;
			files = (
				0A9D6FA319C559A700BA47F0 /* InfoPlist.strings in Resources */,
			);
			runOnlyForDeploymentPostprocessing = 0;
		};
/* End PBXResourcesBuildPhase section */

/* Begin PBXSourcesBuildPhase section */
		0A9D6F7219C559A600BA47F0 /* Sources */ = {
			isa = PBXSourcesBuildPhase;
			buildActionMask = 2147483647;
			files = (
				0A9D6F8A19C559A600BA47F0 /* VIBAppDelegate.m in Sources */,
				0A9D6F8619C559A600BA47F0 /* main.m in Sources */,
				0A9D6F9019C559A700BA47F0 /* VIBViewController.m in Sources */,
			);
			runOnlyForDeploymentPostprocessing = 0;
		};
		0A9D6F9319C559A700BA47F0 /* Sources */ = {
			isa = PBXSourcesBuildPhase;
			buildActionMask = 2147483647;
			files = (
				0A9D6FA519C559A700BA47F0 /* VibeTests.m in Sources */,
			);
			runOnlyForDeploymentPostprocessing = 0;
		};
/* End PBXSourcesBuildPhase section */

/* Begin PBXTargetDependency section */
		0A9D6F9D19C559A700BA47F0 /* PBXTargetDependency */ = {
			isa = PBXTargetDependency;
			target = 0A9D6F7519C559A600BA47F0 /* Vibe */;
			targetProxy = 0A9D6F9C19C559A700BA47F0 /* PBXContainerItemProxy */;
		};
/* End PBXTargetDependency section */

/* Begin PBXVariantGroup section */
		0A9D6F8219C559A600BA47F0 /* InfoPlist.strings */ = {
			isa = PBXVariantGroup;
			children = (
				0A9D6F8319C559A600BA47F0 /* en */,
			);
			name = InfoPlist.strings;
			sourceTree = "<group>";
		};
		0A9D6F8B19C559A700BA47F0 /* Main.storyboard */ = {
			isa = PBXVariantGroup;
			children = (
				0A9D6F8C19C559A700BA47F0 /* Base */,
			);
			name = Main.storyboard;
			sourceTree = "<group>";
		};
		0A9D6FA119C559A700BA47F0 /* InfoPlist.strings */ = {
			isa = PBXVariantGroup;
			children = (
				0A9D6FA219C559A700BA47F0 /* en */,
			);
			name = InfoPlist.strings;
			sourceTree = "<group>";
		};
/* End PBXVariantGroup section */

/* Begin XCBuildConfiguration section */
		0A9D6FA619C559A700BA47F0 /* Debug */ = {
			isa = XCBuildConfiguration;
			buildSettings = {
				ALWAYS_SEARCH_USER_PATHS = NO;
				CLANG_CXX_LANGUAGE_STANDARD = "gnu++0x";
				CLANG_CXX_LIBRARY = "libc++";
				CLANG_ENABLE_MODULES = YES;
				CLANG_ENABLE_OBJC_ARC = YES;
				CLANG_WARN_BOOL_CONVERSION = YES;
				CLANG_WARN_CONSTANT_CONVERSION = YES;
				CLANG_WARN_DIRECT_OBJC_ISA_USAGE = YES_ERROR;
				CLANG_WARN_EMPTY_BODY = YES;
				CLANG_WARN_ENUM_CONVERSION = YES;
				CLANG_WARN_INT_CONVERSION = YES;
				CLANG_WARN_OBJC_ROOT_CLASS = YES_ERROR;
				CLANG_WARN__DUPLICATE_METHOD_MATCH = YES;
				"CODE_SIGN_IDENTITY[sdk=iphoneos*]" = "iPhone Developer";
				COPY_PHASE_STRIP = NO;
				GCC_C_LANGUAGE_STANDARD = gnu99;
				GCC_DYNAMIC_NO_PIC = NO;
				GCC_OPTIMIZATION_LEVEL = 0;
				GCC_PREPROCESSOR_DEFINITIONS = (
					"DEBUG=1",
					"$(inherited)",
				);
				GCC_SYMBOLS_PRIVATE_EXTERN = NO;
				GCC_WARN_64_TO_32_BIT_CONVERSION = YES;
				GCC_WARN_ABOUT_RETURN_TYPE = YES_ERROR;
				GCC_WARN_UNDECLARED_SELECTOR = YES;
				GCC_WARN_UNINITIALIZED_AUTOS = YES_AGGRESSIVE;
				GCC_WARN_UNUSED_FUNCTION = YES;
				GCC_WARN_UNUSED_VARIABLE = YES;
				IPHONEOS_DEPLOYMENT_TARGET = 7.1;
				ONLY_ACTIVE_ARCH = YES;
				SDKROOT = iphoneos;
			};
			name = Debug;
		};
		0A9D6FA719C559A700BA47F0 /* Release */ = {
			isa = XCBuildConfiguration;
			buildSettings = {
				ALWAYS_SEARCH_USER_PATHS = NO;
				CLANG_CXX_LANGUAGE_STANDARD = "gnu++0x";
				CLANG_CXX_LIBRARY = "libc++";
				CLANG_ENABLE_MODULES = YES;
				CLANG_ENABLE_OBJC_ARC = YES;
				CLANG_WARN_BOOL_CONVERSION = YES;
				CLANG_WARN_CONSTANT_CONVERSION = YES;
				CLANG_WARN_DIRECT_OBJC_ISA_USAGE = YES_ERROR;
				CLANG_WARN_EMPTY_BODY = YES;
				CLANG_WARN_ENUM_CONVERSION = YES;
				CLANG_WARN_INT_CONVERSION = YES;
				CLANG_WARN_OBJC_ROOT_CLASS = YES_ERROR;
				CLANG_WARN__DUPLICATE_METHOD_MATCH = YES;
				"CODE_SIGN_IDENTITY[sdk=iphoneos*]" = "iPhone Developer";
				COPY_PHASE_STRIP = YES;
				ENABLE_NS_ASSERTIONS = NO;
				GCC_C_LANGUAGE_STANDARD = gnu99;
				GCC_WARN_64_TO_32_BIT_CONVERSION = YES;
				GCC_WARN_ABOUT_RETURN_TYPE = YES_ERROR;
				GCC_WARN_UNDECLARED_SELECTOR = YES;
				GCC_WARN_UNINITIALIZED_AUTOS = YES_AGGRESSIVE;
				GCC_WARN_UNUSED_FUNCTION = YES;
				GCC_WARN_UNUSED_VARIABLE = YES;
				IPHONEOS_DEPLOYMENT_TARGET = 7.1;
				SDKROOT = iphoneos;
				VALIDATE_PRODUCT = YES;
			};
			name = Release;
		};
		0A9D6FA919C559A700BA47F0 /* Debug */ = {
			isa = XCBuildConfiguration;
			buildSettings = {
				ASSETCATALOG_COMPILER_APPICON_NAME = AppIcon;
				ASSETCATALOG_COMPILER_LAUNCHIMAGE_NAME = LaunchImage;
				GCC_PRECOMPILE_PREFIX_HEADER = YES;
				GCC_PREFIX_HEADER = "Vibe/Vibe-Prefix.pch";
				INFOPLIST_FILE = "Vibe/Vibe-Info.plist";
				PRODUCT_NAME = "$(TARGET_NAME)";
				WRAPPER_EXTENSION = app;
			};
			name = Debug;
		};
		0A9D6FAA19C559A700BA47F0 /* Release */ = {
			isa = XCBuildConfiguration;
			buildSettings = {
				ASSETCATALOG_COMPILER_APPICON_NAME = AppIcon;
				ASSETCATALOG_COMPILER_LAUNCHIMAGE_NAME = LaunchImage;
				GCC_PRECOMPILE_PREFIX_HEADER = YES;
				GCC_PREFIX_HEADER = "Vibe/Vibe-Prefix.pch";
				INFOPLIST_FILE = "Vibe/Vibe-Info.plist";
				PRODUCT_NAME = "$(TARGET_NAME)";
				WRAPPER_EXTENSION = app;
			};
			name = Release;
		};
		0A9D6FAC19C559A700BA47F0 /* Debug */ = {
			isa = XCBuildConfiguration;
			buildSettings = {
				BUNDLE_LOADER = "$(BUILT_PRODUCTS_DIR)/Vibe.app/Vibe";
				FRAMEWORK_SEARCH_PATHS = (
					"$(SDKROOT)/Developer/Library/Frameworks",
					"$(inherited)",
					"$(DEVELOPER_FRAMEWORKS_DIR)",
				);
				GCC_PRECOMPILE_PREFIX_HEADER = YES;
				GCC_PREFIX_HEADER = "Vibe/Vibe-Prefix.pch";
				GCC_PREPROCESSOR_DEFINITIONS = (
					"DEBUG=1",
					"$(inherited)",
				);
				INFOPLIST_FILE = "VibeTests/VibeTests-Info.plist";
				PRODUCT_NAME = "$(TARGET_NAME)";
				TEST_HOST = "$(BUNDLE_LOADER)";
				WRAPPER_EXTENSION = xctest;
			};
			name = Debug;
		};
		0A9D6FAD19C559A700BA47F0 /* Release */ = {
			isa = XCBuildConfiguration;
			buildSettings = {
				BUNDLE_LOADER = "$(BUILT_PRODUCTS_DIR)/Vibe.app/Vibe";
				FRAMEWORK_SEARCH_PATHS = (
					"$(SDKROOT)/Developer/Library/Frameworks",
					"$(inherited)",
					"$(DEVELOPER_FRAMEWORKS_DIR)",
				);
				GCC_PRECOMPILE_PREFIX_HEADER = YES;
				GCC_PREFIX_HEADER = "Vibe/Vibe-Prefix.pch";
				INFOPLIST_FILE = "VibeTests/VibeTests-Info.plist";
				PRODUCT_NAME = "$(TARGET_NAME)";
				TEST_HOST = "$(BUNDLE_LOADER)";
				WRAPPER_EXTENSION = xctest;
			};
			name = Release;
		};
/* End XCBuildConfiguration section */

/* Begin XCConfigurationList section */
		0A9D6F7119C559A600BA47F0 /* Build configuration list for PBXProject "Vibe" */ = {
			isa = XCConfigurationList;
			buildConfigurations = (
				0A9D6FA619C559A700BA47F0 /* Debug */,
				0A9D6FA719C559A700BA47F0 /* Release */,
			);
			defaultConfigurationIsVisible = 0;
			defaultConfigurationName = Release;
		};
		0A9D6FA819C559A700BA47F0 /* Build configuration list for PBXNativeTarget "Vibe" */ = {
			isa = XCConfigurationList;
			buildConfigurations = (
				0A9D6FA919C559A700BA47F0 /* Debug */,
				0A9D6FAA19C559A700BA47F0 /* Release */,
			);
			defaultConfigurationIsVisible = 0;
		};
		0A9D6FAB19C559A700BA47F0 /* Build configuration list for PBXNativeTarget "VibeTests" */ = {
			isa = XCConfigurationList;
			buildConfigurations = (
				0A9D6FAC19C559A700BA47F0 /* Debug */,
				0A9D6FAD19C559A700BA47F0 /* Release */,
			);
			defaultConfigurationIsVisible = 0;
		};
/* End XCConfigurationList section */
	};
	rootObject = 0A9D6F6E19C559A600BA47F0 /* Project object */;
}
